
Microsoft Visual Studio Solution File, Format Version 12.00
# Visual Studio Version 16
VisualStudioVersion = 16.0.29806.167
MinimumVisualStudioVersion = 10.0.40219.1
Project("{FAE04EC0-301F-11D3-BF4B-00C04F79EFBC}") = "KidManagementSystem", "KidManagementSystem.csproj", "{6F5BDA83-679D-4001-8AA1-AA159059BAC5}"
EndProject
Global
	GlobalSection(SolutionConfigurationPlatforms) = preSolution
		Debug|Any CPU = Debug|Any CPU
		Release|Any CPU = Release|Any CPU
	EndGlobalSection
	GlobalSection(ProjectConfigurationPlatforms) = postSolution
		{6F5BDA83-679D-4001-8AA1-AA159059BAC5}.Debug|Any CPU.ActiveCfg = Debug|Any CPU
		{6F5BDA83-679D-4001-8AA1-AA159059BAC5}.Debug|Any CPU.Build.0 = Debug|Any CPU
		{6F5BDA83-679D-4001-8AA1-AA159059BAC5}.Release|Any CPU.ActiveCfg = Release|Any CPU
		{6F5BDA83-679D-4001-8AA1-AA159059BAC5}.Release|Any CPU.Build.0 = Release|Any CPU
	EndGlobalSection
	GlobalSection(SolutionProperties) = preSolution
		HideSolutionNode = FALSE
	EndGlobalSection
	GlobalSection(ExtensibilityGlobals) = postSolution
		SolutionGuid = {9F123DBA-9004-4AC6-B071-B4139CA206A1}
	EndGlobalSection
EndGlobal
